<?xml version="1.0" encoding="utf-8"?>
<Project ToolsVersion="17.0" xmlns="http://schemas.microsoft.com/developer/msbuild/2003">
  <ItemGroup>
    <Filter Include="MFC"><UniqueIdentifier>{A1B2C3D4-E5F6-7890-0001-EF1234567890}</UniqueIdentifier></Filter>
    <Filter Include="Engine"><UniqueIdentifier>{A1B2C3D4-E5F6-7890-0002-EF1234567890}</UniqueIdentifier></Filter>
  </ItemGroup>
  <ItemGroup>
    <ClInclude Include="framework.h"><Filter>MFC</Filter></ClInclude>
    <ClInclude Include="pch.h"><Filter>MFC</Filter></ClInclude>
    <ClInclude Include="targetver.h"><Filter>MFC</Filter></ClInclude>
    <ClInclude Include="Resource.h"><Filter>MFC</Filter></ClInclude>
    <ClInclude Include="RealisticRenderer.h"><Filter>MFC</Filter></ClInclude>
    <ClInclude Include="MainFrm.h"><Filter>MFC</Filter></ClInclude>
    <ClInclude Include="RealisticRendererDoc.h"><Filter>MFC</Filter></ClInclude>
    <ClInclude Include="RealisticRendererView.h"><Filter>MFC</Filter></ClInclude>
    <ClInclude Include="CRGB.h"><Filter>Engine</Filter></ClInclude>
    <ClInclude Include="CP3.h"><Filter>Engine</Filter></ClInclude>
    <ClInclude Include="CVector3.h"><Filter>Engine</Filter></ClInclude>
    <ClInclude Include="CTransform3.h"><Filter>Engine</Filter></ClInclude>
    <ClInclude Include="CProjection.h"><Filter>Engine</Filter></ClInclude>
    <ClInclude Include="CLightSource.h"><Filter>Engine</Filter></ClInclude>
    <ClInclude Include="CMaterial.h"><Filter>Engine</Filter></ClInclude>
    <ClInclude Include="CLighting.h"><Filter>Engine</Filter></ClInclude>
    <ClInclude Include="CTexture.h"><Filter>Engine</Filter></ClInclude>
    <ClInclude Include="CObjLoader.h"><Filter>Engine</Filter></ClInclude>
    <ClInclude Include="CMesh.h"><Filter>Engine</Filter></ClInclude>
    <ClInclude Include="CZBuffer.h"><Filter>Engine</Filter></ClInclude>
  </ItemGroup>
  <ItemGroup>
    <ClCompile Include="pch.cpp"><Filter>MFC</Filter></ClCompile>
    <ClCompile Include="RealisticRenderer.cpp"><Filter>MFC</Filter></ClCompile>
    <ClCompile Include="MainFrm.cpp"><Filter>MFC</Filter></ClCompile>
    <ClCompile Include="RealisticRendererDoc.cpp"><Filter>MFC</Filter></ClCompile>
    <ClCompile Include="RealisticRendererView.cpp"><Filter>MFC</Filter></ClCompile>
    <ClCompile Include="CTransform3.cpp"><Filter>Engine</Filter></ClCompile>
    <ClCompile Include="CProjection.cpp"><Filter>Engine</Filter></ClCompile>
    <ClCompile Include="CLightSource.cpp"><Filter>Engine</Filter></ClCompile>
    <ClCompile Include="CMaterial.cpp"><Filter>Engine</Filter></ClCompile>
    <ClCompile Include="CLighting.cpp"><Filter>Engine</Filter></ClCompile>
    <ClCompile Include="CTexture.cpp"><Filter>Engine</Filter></ClCompile>
    <ClCompile Include="CObjLoader.cpp"><Filter>Engine</Filter></ClCompile>
    <ClCompile Include="CMesh.cpp"><Filter>Engine</Filter></ClCompile>
    <ClCompile Include="CZBuffer.cpp"><Filter>Engine</Filter></ClCompile>
  </ItemGroup>
  <ItemGroup>
    <ResourceCompile Include="RealisticRenderer.rc"><Filter>MFC</Filter></ResourceCompile>
  </ItemGroup>
</Project>
